
Microsoft Visual Studio Solution File, Format Version 12.00
# Visual Studio Version 16
VisualStudioVersion = 16.0.31911.196
MinimumVisualStudioVersion = 10.0.40219.1
Project("{FAE04EC0-301F-11D3-BF4B-00C04F79EFBC}") = "LocateApp", "LocateApp\LocateApp.csproj", "{B86A41BA-42C0-41F1-A0B4-82D8629694FD}"
EndProject
Project("{FAE04EC0-301F-11D3-BF4B-00C04F79EFBC}") = "LocateMobile", "LocateMobile\LocateMobile.csproj", "{D539D581-0911-458E-83C7-89160814FC19}"
EndProject
Global
	GlobalSection(SolutionConfigurationPlatforms) = preSolution
		Debug|Any CPU = Debug|Any CPU
		Debug|x64 = Debug|x64
		Debug|x86 = Debug|x86
		Release|Any CPU = Release|Any CPU
		Release|x64 = Release|x64
		Release|x86 = Release|x86
	EndGlobalSection
	GlobalSection(ProjectConfigurationPlatforms) = postSolution
		{B86A41BA-42C0-41F1-A0B4-82D8629694FD}.Debug|Any CPU.ActiveCfg = Debug|Any CPU
		{B86A41BA-42C0-41F1-A0B4-82D8629694FD}.Debug|Any CPU.Build.0 = Debug|Any CPU
		{B86A41BA-42C0-41F1-A0B4-82D8629694FD}.Debug|x64.ActiveCfg = Debug|Any CPU
		{B86A41BA-42C0-41F1-A0B4-82D8629694FD}.Debug|x64.Build.0 = Debug|Any CPU
		{B86A41BA-42C0-41F1-A0B4-82D8629694FD}.Debug|x86.ActiveCfg = Debug|Any CPU
		{B86A41BA-42C0-41F1-A0B4-82D8629694FD}.Debug|x86.Build.0 = Debug|Any CPU
		{B86A41BA-42C0-41F1-A0B4-82D8629694FD}.Release|Any CPU.ActiveCfg = Release|Any CPU
		{B86A41BA-42C0-41F1-A0B4-82D8629694FD}.Release|Any CPU.Build.0 = Release|Any CPU
		{B86A41BA-42C0-41F1-A0B4-82D8629694FD}.Release|x64.ActiveCfg = Release|Any CPU
		{B86A41BA-42C0-41F1-A0B4-82D8629694FD}.Release|x64.Build.0 = Release|Any CPU
		{B86A41BA-42C0-41F1-A0B4-82D8629694FD}.Release|x86.ActiveCfg = Release|Any CPU
		{B86A41BA-42C0-41F1-A0B4-82D8629694FD}.Release|x86.Build.0 = Release|Any CPU
		{D539D581-0911-458E-83C7-89160814FC19}.Debug|Any CPU.ActiveCfg = Debug|Any CPU
		{D539D581-0911-458E-83C7-89160814FC19}.Debug|Any CPU.Build.0 = Debug|Any CPU
		{D539D581-0911-458E-83C7-89160814FC19}.Debug|x64.ActiveCfg = Debug|Any CPU
		{D539D581-0911-458E-83C7-89160814FC19}.Debug|x64.Build.0 = Debug|Any CPU
		{D539D581-0911-458E-83C7-89160814FC19}.Debug|x86.ActiveCfg = Debug|Any CPU
		{D539D581-0911-458E-83C7-89160814FC19}.Debug|x86.Build.0 = Debug|Any CPU
		{D539D581-0911-458E-83C7-89160814FC19}.Release|Any CPU.ActiveCfg = Release|Any CPU
		{D539D581-0911-458E-83C7-89160814FC19}.Release|Any CPU.Build.0 = Release|Any CPU
		{D539D581-0911-458E-83C7-89160814FC19}.Release|x64.ActiveCfg = Release|Any CPU
		{D539D581-0911-458E-83C7-89160814FC19}.Release|x64.Build.0 = Release|Any CPU
		{D539D581-0911-458E-83C7-89160814FC19}.Release|x86.ActiveCfg = Release|Any CPU
		{D539D581-0911-458E-83C7-89160814FC19}.Release|x86.Build.0 = Release|Any CPU
	EndGlobalSection
	GlobalSection(SolutionProperties) = preSolution
		HideSolutionNode = FALSE
	EndGlobalSection
	GlobalSection(ExtensibilityGlobals) = postSolution
		SolutionGuid = {A9C554BC-E130-45E2-A541-D2B6EFA8B8D1}
	EndGlobalSection
EndGlobal
